// !$*UTF8*$!
{
	archiveVersion = 1;
	classes = {
	};
	objectVersion = 50;
	objects = {

/* Begin PBXBuildFile section */
		14678AAB20CE1A5F00BAA407 /* AppDelegate.swift in Sources */ = {isa = PBXBuildFile; fileRef = 14678AAA20CE1A5F00BAA407 /* AppDelegate.swift */; };
		14678AAD20CE1A5F00BAA407 /* ViewController.swift in Sources */ = {isa = PBXBuildFile; fileRef = 14678AAC20CE1A5F00BAA407 /* ViewController.swift */; };
		14678AB220CE1A6000BAA407 /* Assets.xcassets in Resources */ = {isa = PBXBuildFile; fileRef = 14678AB120CE1A6000BAA407 /* Assets.xcassets */; };
		14678AB520CE1A6000BAA407 /* LaunchScreen.storyboard in Resources */ = {isa = PBXBuildFile; fileRef = 14678AB320CE1A6000BAA407 /* LaunchScreen.storyboard */; };
		14678ABD20CE1AE600BAA407 /* PhotoCropEditorViewController.swift in Sources */ = {isa = PBXBuildFile; fileRef = 14678ABC20CE1AE600BAA407 /* PhotoCropEditorViewController.swift */; };
		14678AC120CE1B3400BAA407 /* Main.storyboard in Resources */ = {isa = PBXBuildFile; fileRef = 14678AC020CE1B3400BAA407 /* Main.storyboard */; };
		14678C5E20CE267600BAA407 /* PhotoCroperViewController+PHPhotoLibrary.swift in Sources */ = {isa = PBXBuildFile; fileRef = 14678C5820CE267600BAA407 /* PhotoCroperViewController+PHPhotoLibrary.swift */; };
		14678C5F20CE267600BAA407 /* PhotoCropViewController.swift in Sources */ = {isa = PBXBuildFile; fileRef = 14678C5920CE267600BAA407 /* PhotoCropViewController.swift */; };
		14678C6020CE267600BAA407 /* PhotoCroperViewController+Angle.swift in Sources */ = {isa = PBXBuildFile; fileRef = 14678C5B20CE267600BAA407 /* PhotoCroperViewController+Angle.swift */; };
		14678C6120CE267600BAA407 /* PhotoCroperViewController+AspectRatio.swift in Sources */ = {isa = PBXBuildFile; fileRef = 14678C5C20CE267600BAA407 /* PhotoCroperViewController+AspectRatio.swift */; };
		14678C6220CE267600BAA407 /* PhotoCroperViewController+Customization.swift in Sources */ = {isa = PBXBuildFile; fileRef = 14678C5D20CE267600BAA407 /* PhotoCroperViewController+Customization.swift */; };
		14678C6420CE268600BAA407 /* PhotoCroperConstants.swift in Sources */ = {isa = PBXBuildFile; fileRef = 14678C6320CE268500BAA407 /* PhotoCroperConstants.swift */; };
		14678C6E20CE269D00BAA407 /* PhotoCroperView+IGRCropView.swift in Sources */ = {isa = PBXBuildFile; fileRef = 14678C6520CE269C00BAA407 /* PhotoCroperView+IGRCropView.swift */; };
		14678C6F20CE269D00BAA407 /* PhotoCropView+UIScrollView.swift in Sources */ = {isa = PBXBuildFile; fileRef = 14678C6620CE269C00BAA407 /* PhotoCropView+UIScrollView.swift */; };
		14678C7020CE269D00BAA407 /* PhotoCroperView+Mask.swift in Sources */ = {isa = PBXBuildFile; fileRef = 14678C6720CE269D00BAA407 /* PhotoCroperView+Mask.swift */; };
		14678C7120CE269D00BAA407 /* PhotoCropView.swift in Sources */ = {isa = PBXBuildFile; fileRef = 14678C6820CE269D00BAA407 /* PhotoCropView.swift */; };
		14678C7220CE269D00BAA407 /* PhotoCroperView+Angle.swift in Sources */ = {isa = PBXBuildFile; fileRef = 14678C6920CE269D00BAA407 /* PhotoCroperView+Angle.swift */; };
		14678C7320CE269D00BAA407 /* PhotoCroperView+AspectRatio.swift in Sources */ = {isa = PBXBuildFile; fileRef = 14678C6A20CE269D00BAA407 /* PhotoCroperView+AspectRatio.swift */; };
		14678C7420CE269D00BAA407 /* PhotoCroperView+Customization.swift in Sources */ = {isa = PBXBuildFile; fileRef = 14678C6B20CE269D00BAA407 /* PhotoCroperView+Customization.swift */; };
		14678C7520CE269D00BAA407 /* PhotoCroperView+NSLayoutConstraint.swift in Sources */ = {isa = PBXBuildFile; fileRef = 14678C6C20CE269D00BAA407 /* PhotoCroperView+NSLayoutConstraint.swift */; };
		14678C7620CE269D00BAA407 /* PhotoCroperView+Touch.swift in Sources */ = {isa = PBXBuildFile; fileRef = 14678C6D20CE269D00BAA407 /* PhotoCroperView+Touch.swift */; };
		14678C7920CE26AC00BAA407 /* PhotoCropContentView.swift in Sources */ = {isa = PBXBuildFile; fileRef = 14678C7720CE26AC00BAA407 /* PhotoCropContentView.swift */; };
		14678C7A20CE26AC00BAA407 /* PhotoCropScrollView.swift in Sources */ = {isa = PBXBuildFile; fileRef = 14678C7820CE26AC00BAA407 /* PhotoCropScrollView.swift */; };
		14678C8020CE26ED00BAA407 /* PhotoCrop.swift in Sources */ = {isa = PBXBuildFile; fileRef = 14678C7B20CE26ED00BAA407 /* PhotoCrop.swift */; };
		14678C8120CE26ED00BAA407 /* PhotoCrop+AspectRatio.swift in Sources */ = {isa = PBXBuildFile; fileRef = 14678C7C20CE26ED00BAA407 /* PhotoCrop+AspectRatio.swift */; };
		14678C8220CE26ED00BAA407 /* PhotoCrop+Lines.swift in Sources */ = {isa = PBXBuildFile; fileRef = 14678C7D20CE26ED00BAA407 /* PhotoCrop+Lines.swift */; };
		14678C8320CE26ED00BAA407 /* PhotoCrop+NSLayoutConstraint.swift in Sources */ = {isa = PBXBuildFile; fileRef = 14678C7E20CE26ED00BAA407 /* PhotoCrop+NSLayoutConstraint.swift */; };
		14678C8420CE26ED00BAA407 /* PhotoCrop+UITouch.swift in Sources */ = {isa = PBXBuildFile; fileRef = 14678C7F20CE26ED00BAA407 /* PhotoCrop+UITouch.swift */; };
		14678C8920CE274500BAA407 /* PhotoCropGridLine.swift in Sources */ = {isa = PBXBuildFile; fileRef = 14678C8520CE274400BAA407 /* PhotoCropGridLine.swift */; };
		14678C8A20CE274500BAA407 /* PhotoCropCornerLine.swift in Sources */ = {isa = PBXBuildFile; fileRef = 14678C8620CE274400BAA407 /* PhotoCropCornerLine.swift */; };
		14678C8B20CE274500BAA407 /* PhotoCropCornerView.swift in Sources */ = {isa = PBXBuildFile; fileRef = 14678C8720CE274500BAA407 /* PhotoCropCornerView.swift */; };
		14678C8C20CE274500BAA407 /* PhotoCropLine.swift in Sources */ = {isa = PBXBuildFile; fileRef = 14678C8820CE274500BAA407 /* PhotoCropLine.swift */; };
		14678C8E20CE276800BAA407 /* PhotoCropMaskView.swift in Sources */ = {isa = PBXBuildFile; fileRef = 14678C8D20CE276800BAA407 /* PhotoCropMaskView.swift */; };
		14678C9420CE279B00BAA407 /* UIColor+PhotoCropExtension.swift in Sources */ = {isa = PBXBuildFile; fileRef = 14678C8F20CE279B00BAA407 /* UIColor+PhotoCropExtension.swift */; };
		14678C9520CE279B00BAA407 /* CGImage+PhotoCropExtension.swift in Sources */ = {isa = PBXBuildFile; fileRef = 14678C9020CE279B00BAA407 /* CGImage+PhotoCropExtension.swift */; };
		14678C9620CE279B00BAA407 /* CGPoint+PhotoCropExtension.swift in Sources */ = {isa = PBXBuildFile; fileRef = 14678C9120CE279B00BAA407 /* CGPoint+PhotoCropExtension.swift */; };
		14678C9720CE279B00BAA407 /* CGFloat+PhotoCropExtension.swift in Sources */ = {isa = PBXBuildFile; fileRef = 14678C9220CE279B00BAA407 /* CGFloat+PhotoCropExtension.swift */; };
		14678C9820CE279B00BAA407 /* UIImage+PhotoCropExtension.swift in Sources */ = {isa = PBXBuildFile; fileRef = 14678C9320CE279B00BAA407 /* UIImage+PhotoCropExtension.swift */; };
		14678C9A20CE27BC00BAA407 /* PhotoCroperRadianAngle.swift in Sources */ = {isa = PBXBuildFile; fileRef = 14678C9920CE27BC00BAA407 /* PhotoCroperRadianAngle.swift */; };
/* End PBXBuildFile section */

/* Begin PBXFileReference section */
		14678AA720CE1A5F00BAA407 /* PhotoCroper.app */ = {isa = PBXFileReference; explicitFileType = wrapper.application; includeInIndex = 0; path = PhotoCroper.app; sourceTree = BUILT_PRODUCTS_DIR; };
		14678AAA20CE1A5F00BAA407 /* AppDelegate.swift */ = {isa = PBXFileReference; lastKnownFileType = sourcecode.swift; path = AppDelegate.swift; sourceTree = "<group>"; };
		14678AAC20CE1A5F00BAA407 /* ViewController.swift */ = {isa = PBXFileReference; lastKnownFileType = sourcecode.swift; path = ViewController.swift; sourceTree = "<group>"; };
		14678AB120CE1A6000BAA407 /* Assets.xcassets */ = {isa = PBXFileReference; lastKnownFileType = folder.assetcatalog; path = Assets.xcassets; sourceTree = "<group>"; };
		14678AB420CE1A6000BAA407 /* Base */ = {isa = PBXFileReference; lastKnownFileType = file.storyboard; name = Base; path = Base.lproj/LaunchScreen.storyboard; sourceTree = "<group>"; };
		14678AB620CE1A6000BAA407 /* Info.plist */ = {isa = PBXFileReference; lastKnownFileType = text.plist.xml; path = Info.plist; sourceTree = "<group>"; };
		14678ABC20CE1AE600BAA407 /* PhotoCropEditorViewController.swift */ = {isa = PBXFileReference; fileEncoding = 4; lastKnownFileType = sourcecode.swift; path = PhotoCropEditorViewController.swift; sourceTree = "<group>"; };
		14678AC020CE1B3400BAA407 /* Main.storyboard */ = {isa = PBXFileReference; fileEncoding = 4; lastKnownFileType = file.storyboard; path = Main.storyboard; sourceTree = "<group>"; };
		14678C5820CE267600BAA407 /* PhotoCroperViewController+PHPhotoLibrary.swift */ = {isa = PBXFileReference; fileEncoding = 4; lastKnownFileType = sourcecode.swift; path = "PhotoCroperViewController+PHPhotoLibrary.swift"; sourceTree = "<group>"; };
		14678C5920CE267600BAA407 /* PhotoCropViewController.swift */ = {isa = PBXFileReference; fileEncoding = 4; lastKnownFileType = sourcecode.swift; path = PhotoCropViewController.swift; sourceTree = "<group>"; };
		14678C5A20CE267600BAA407 /* PhotoCroper.h */ = {isa = PBXFileReference; fileEncoding = 4; lastKnownFileType = sourcecode.c.h; path = PhotoCroper.h; sourceTree = "<group>"; };
		14678C5B20CE267600BAA407 /* PhotoCroperViewController+Angle.swift */ = {isa = PBXFileReference; fileEncoding = 4; lastKnownFileType = sourcecode.swift; path = "PhotoCroperViewController+Angle.swift"; sourceTree = "<group>"; };
		14678C5C20CE267600BAA407 /* PhotoCroperViewController+AspectRatio.swift */ = {isa = PBXFileReference; fileEncoding = 4; lastKnownFileType = sourcecode.swift; path = "PhotoCroperViewController+AspectRatio.swift"; sourceTree = "<group>"; };
		14678C5D20CE267600BAA407 /* PhotoCroperViewController+Customization.swift */ = {isa = PBXFileReference; fileEncoding = 4; lastKnownFileType = sourcecode.swift; path = "PhotoCroperViewController+Customization.swift"; sourceTree = "<group>"; };
		14678C6320CE268500BAA407 /* PhotoCroperConstants.swift */ = {isa = PBXFileReference; fileEncoding = 4; lastKnownFileType = sourcecode.swift; path = PhotoCroperConstants.swift; sourceTree = "<group>"; };
		14678C6520CE269C00BAA407 /* PhotoCroperView+IGRCropView.swift */ = {isa = PBXFileReference; fileEncoding = 4; lastKnownFileType = sourcecode.swift; path = "PhotoCroperView+IGRCropView.swift"; sourceTree = "<group>"; };
		14678C6620CE269C00BAA407 /* PhotoCropView+UIScrollView.swift */ = {isa = PBXFileReference; fileEncoding = 4; lastKnownFileType = sourcecode.swift; path = "PhotoCropView+UIScrollView.swift"; sourceTree = "<group>"; };
		14678C6720CE269D00BAA407 /* PhotoCroperView+Mask.swift */ = {isa = PBXFileReference; fileEncoding = 4; lastKnownFileType = sourcecode.swift; path = "PhotoCroperView+Mask.swift"; sourceTree = "<group>"; };
		14678C6820CE269D00BAA407 /* PhotoCropView.swift */ = {isa = PBXFileReference; fileEncoding = 4; lastKnownFileType = sourcecode.swift; path = PhotoCropView.swift; sourceTree = "<group>"; };
		14678C6920CE269D00BAA407 /* PhotoCroperView+Angle.swift */ = {isa = PBXFileReference; fileEncoding = 4; lastKnownFileType = sourcecode.swift; path = "PhotoCroperView+Angle.swift"; sourceTree = "<group>"; };
		14678C6A20CE269D00BAA407 /* PhotoCroperView+AspectRatio.swift */ = {isa = PBXFileReference; fileEncoding = 4; lastKnownFileType = sourcecode.swift; path = "PhotoCroperView+AspectRatio.swift"; sourceTree = "<group>"; };
		14678C6B20CE269D00BAA407 /* PhotoCroperView+Customization.swift */ = {isa = PBXFileReference; fileEncoding = 4; lastKnownFileType = sourcecode.swift; path = "PhotoCroperView+Customization.swift"; sourceTree = "<group>"; };
		14678C6C20CE269D00BAA407 /* PhotoCroperView+NSLayoutConstraint.swift */ = {isa = PBXFileReference; fileEncoding = 4; lastKnownFileType = sourcecode.swift; path = "PhotoCroperView+NSLayoutConstraint.swift"; sourceTree = "<group>"; };
		14678C6D20CE269D00BAA407 /* PhotoCroperView+Touch.swift */ = {isa = PBXFileReference; fileEncoding = 4; lastKnownFileType = sourcecode.swift; path = "PhotoCroperView+Touch.swift"; sourceTree = "<group>"; };
		14678C7720CE26AC00BAA407 /* PhotoCropContentView.swift */ = {isa = PBXFileReference; fileEncoding = 4; lastKnownFileType = sourcecode.swift; path = PhotoCropContentView.swift; sourceTree = "<group>"; };
		14678C7820CE26AC00BAA407 /* PhotoCropScrollView.swift */ = {isa = PBXFileReference; fileEncoding = 4; lastKnownFileType = sourcecode.swift; path = PhotoCropScrollView.swift; sourceTree = "<group>"; };
		14678C7B20CE26ED00BAA407 /* PhotoCrop.swift */ = {isa = PBXFileReference; fileEncoding = 4; lastKnownFileType = sourcecode.swift; path = PhotoCrop.swift; sourceTree = "<group>"; };
		14678C7C20CE26ED00BAA407 /* PhotoCrop+AspectRatio.swift */ = {isa = PBXFileReference; fileEncoding = 4; lastKnownFileType = sourcecode.swift; path = "PhotoCrop+AspectRatio.swift"; sourceTree = "<group>"; };
		14678C7D20CE26ED00BAA407 /* PhotoCrop+Lines.swift */ = {isa = PBXFileReference; fileEncoding = 4; lastKnownFileType = sourcecode.swift; path = "PhotoCrop+Lines.swift"; sourceTree = "<group>"; };
		14678C7E20CE26ED00BAA407 /* PhotoCrop+NSLayoutConstraint.swift */ = {isa = PBXFileReference; fileEncoding = 4; lastKnownFileType = sourcecode.swift; path = "PhotoCrop+NSLayoutConstraint.swift"; sourceTree = "<group>"; };
		14678C7F20CE26ED00BAA407 /* PhotoCrop+UITouch.swift */ = {isa = PBXFileReference; fileEncoding = 4; lastKnownFileType = sourcecode.swift; path = "PhotoCrop+UITouch.swift"; sourceTree = "<group>"; };
		14678C8520CE274400BAA407 /* PhotoCropGridLine.swift */ = {isa = PBXFileReference; fileEncoding = 4; lastKnownFileType = sourcecode.swift; path = PhotoCropGridLine.swift; sourceTree = "<group>"; };
		14678C8620CE274400BAA407 /* PhotoCropCornerLine.swift */ = {isa = PBXFileReference; fileEncoding = 4; lastKnownFileType = sourcecode.swift; path = PhotoCropCornerLine.swift; sourceTree = "<group>"; };
		14678C8720CE274500BAA407 /* PhotoCropCornerView.swift */ = {isa = PBXFileReference; fileEncoding = 4; lastKnownFileType = sourcecode.swift; path = PhotoCropCornerView.swift; sourceTree = "<group>"; };
		14678C8820CE274500BAA407 /* PhotoCropLine.swift */ = {isa = PBXFileReference; fileEncoding = 4; lastKnownFileType = sourcecode.swift; path = PhotoCropLine.swift; sourceTree = "<group>"; };
		14678C8D20CE276800BAA407 /* PhotoCropMaskView.swift */ = {isa = PBXFileReference; fileEncoding = 4; lastKnownFileType = sourcecode.swift; path = PhotoCropMaskView.swift; sourceTree = "<group>"; };
		14678C8F20CE279B00BAA407 /* UIColor+PhotoCropExtension.swift */ = {isa = PBXFileReference; fileEncoding = 4; lastKnownFileType = sourcecode.swift; path = "UIColor+PhotoCropExtension.swift"; sourceTree = "<group>"; };
		14678C9020CE279B00BAA407 /* CGImage+PhotoCropExtension.swift */ = {isa = PBXFileReference; fileEncoding = 4; lastKnownFileType = sourcecode.swift; path = "CGImage+PhotoCropExtension.swift"; sourceTree = "<group>"; };
		14678C9120CE279B00BAA407 /* CGPoint+PhotoCropExtension.swift */ = {isa = PBXFileReference; fileEncoding = 4; lastKnownFileType = sourcecode.swift; path = "CGPoint+PhotoCropExtension.swift"; sourceTree = "<group>"; };
		14678C9220CE279B00BAA407 /* CGFloat+PhotoCropExtension.swift */ = {isa = PBXFileReference; fileEncoding = 4; lastKnownFileType = sourcecode.swift; path = "CGFloat+PhotoCropExtension.swift"; sourceTree = "<group>"; };
		14678C9320CE279B00BAA407 /* UIImage+PhotoCropExtension.swift */ = {isa = PBXFileReference; fileEncoding = 4; lastKnownFileType = sourcecode.swift; path = "UIImage+PhotoCropExtension.swift"; sourceTree = "<group>"; };
		14678C9920CE27BC00BAA407 /* PhotoCroperRadianAngle.swift */ = {isa = PBXFileReference; fileEncoding = 4; lastKnownFileType = sourcecode.swift; path = PhotoCroperRadianAngle.swift; sourceTree = "<group>"; };
/* End PBXFileReference section */

/* Begin PBXFrameworksBuildPhase section */
		14678AA420CE1A5F00BAA407 /* Frameworks */ = {
			isa = PBXFrameworksBuildPhase;
			buildActionMask = 2147483647;
			files = (
			);
			runOnlyForDeploymentPostprocessing = 0;
		};
/* End PBXFrameworksBuildPhase section */

/* Begin PBXGroup section */
		14678A9E20CE1A5F00BAA407 = {
			isa = PBXGroup;
			children = (
				14678AA920CE1A5F00BAA407 /* PhotoCroper */,
				14678AA820CE1A5F00BAA407 /* Products */,
			);
			sourceTree = "<group>";
		};
		14678AA820CE1A5F00BAA407 /* Products */ = {
			isa = PBXGroup;
			children = (
				14678AA720CE1A5F00BAA407 /* PhotoCroper.app */,
			);
			name = Products;
			sourceTree = "<group>";
		};
		14678AA920CE1A5F00BAA407 /* PhotoCroper */ = {
			isa = PBXGroup;
			children = (
				14678C0C20CE216D00BAA407 /* PhotoCroper */,
				14678AAA20CE1A5F00BAA407 /* AppDelegate.swift */,
				14678AAC20CE1A5F00BAA407 /* ViewController.swift */,
				14678ABC20CE1AE600BAA407 /* PhotoCropEditorViewController.swift */,
				14678AB120CE1A6000BAA407 /* Assets.xcassets */,
				14678AC020CE1B3400BAA407 /* Main.storyboard */,
				14678AB320CE1A6000BAA407 /* LaunchScreen.storyboard */,
				14678AB620CE1A6000BAA407 /* Info.plist */,
			);
			path = PhotoCroper;
			sourceTree = "<group>";
		};
		14678C0C20CE216D00BAA407 /* PhotoCroper */ = {
			isa = PBXGroup;
			children = (
				14678C5A20CE267600BAA407 /* PhotoCroper.h */,
				14678C5B20CE267600BAA407 /* PhotoCroperViewController+Angle.swift */,
				14678C5C20CE267600BAA407 /* PhotoCroperViewController+AspectRatio.swift */,
				14678C5D20CE267600BAA407 /* PhotoCroperViewController+Customization.swift */,
				14678C5820CE267600BAA407 /* PhotoCroperViewController+PHPhotoLibrary.swift */,
				14678C5920CE267600BAA407 /* PhotoCropViewController.swift */,
				14678C0D20CE216D00BAA407 /* Category */,
				14678C1320CE216D00BAA407 /* Constants */,
				14678C1520CE216D00BAA407 /* Helper */,
				14678C1D20CE216D00BAA407 /* PhotoCropView */,
			);
			path = PhotoCroper;
			sourceTree = "<group>";
		};
		14678C0D20CE216D00BAA407 /* Category */ = {
			isa = PBXGroup;
			children = (
				14678C9220CE279B00BAA407 /* CGFloat+PhotoCropExtension.swift */,
				14678C9020CE279B00BAA407 /* CGImage+PhotoCropExtension.swift */,
				14678C9120CE279B00BAA407 /* CGPoint+PhotoCropExtension.swift */,
				14678C8F20CE279B00BAA407 /* UIColor+PhotoCropExtension.swift */,
				14678C9320CE279B00BAA407 /* UIImage+PhotoCropExtension.swift */,
			);
			path = Category;
			sourceTree = "<group>";
		};
		14678C1320CE216D00BAA407 /* Constants */ = {
			isa = PBXGroup;
			children = (
				14678C6320CE268500BAA407 /* PhotoCroperConstants.swift */,
			);
			path = Constants;
			sourceTree = "<group>";
		};
		14678C1520CE216D00BAA407 /* Helper */ = {
			isa = PBXGroup;
			children = (
				14678C9920CE27BC00BAA407 /* PhotoCroperRadianAngle.swift */,
			);
			path = Helper;
			sourceTree = "<group>";
		};
		14678C1D20CE216D00BAA407 /* PhotoCropView */ = {
			isa = PBXGroup;
			children = (
				14678C6920CE269D00BAA407 /* PhotoCroperView+Angle.swift */,
				14678C6A20CE269D00BAA407 /* PhotoCroperView+AspectRatio.swift */,
				14678C6B20CE269D00BAA407 /* PhotoCroperView+Customization.swift */,
				14678C6520CE269C00BAA407 /* PhotoCroperView+IGRCropView.swift */,
				14678C6720CE269D00BAA407 /* PhotoCroperView+Mask.swift */,
				14678C6C20CE269D00BAA407 /* PhotoCroperView+NSLayoutConstraint.swift */,
				14678C6D20CE269D00BAA407 /* PhotoCroperView+Touch.swift */,
				14678C6820CE269D00BAA407 /* PhotoCropView.swift */,
				14678C6620CE269C00BAA407 /* PhotoCropView+UIScrollView.swift */,
				14678C1E20CE216D00BAA407 /* CropView */,
				14678C3420CE216D00BAA407 /* ScrollViews */,
			);
			path = PhotoCropView;
			sourceTree = "<group>";
		};
		14678C1E20CE216D00BAA407 /* CropView */ = {
			isa = PBXGroup;
			children = (
				14678C7B20CE26ED00BAA407 /* PhotoCrop.swift */,
				14678C7C20CE26ED00BAA407 /* PhotoCrop+AspectRatio.swift */,
				14678C7D20CE26ED00BAA407 /* PhotoCrop+Lines.swift */,
				14678C7E20CE26ED00BAA407 /* PhotoCrop+NSLayoutConstraint.swift */,
				14678C7F20CE26ED00BAA407 /* PhotoCrop+UITouch.swift */,
				14678C2420CE216D00BAA407 /* Lines */,
				14678C2920CE216D00BAA407 /* Mask */,
			);
			path = CropView;
			sourceTree = "<group>";
		};
		14678C2420CE216D00BAA407 /* Lines */ = {
			isa = PBXGroup;
			children = (
				14678C8620CE274400BAA407 /* PhotoCropCornerLine.swift */,
				14678C8720CE274500BAA407 /* PhotoCropCornerView.swift */,
				14678C8520CE274400BAA407 /* PhotoCropGridLine.swift */,
				14678C8820CE274500BAA407 /* PhotoCropLine.swift */,
			);
			path = Lines;
			sourceTree = "<group>";
		};
		14678C2920CE216D00BAA407 /* Mask */ = {
			isa = PBXGroup;
			children = (
				14678C8D20CE276800BAA407 /* PhotoCropMaskView.swift */,
			);
			path = Mask;
			sourceTree = "<group>";
		};
		14678C3420CE216D00BAA407 /* ScrollViews */ = {
			isa = PBXGroup;
			children = (
				14678C7720CE26AC00BAA407 /* PhotoCropContentView.swift */,
				14678C7820CE26AC00BAA407 /* PhotoCropScrollView.swift */,
			);
			path = ScrollViews;
			sourceTree = "<group>";
		};
/* End PBXGroup section */

/* Begin PBXNativeTarget section */
		14678AA620CE1A5F00BAA407 /* PhotoCroper */ = {
			isa = PBXNativeTarget;
			buildConfigurationList = 14678AB920CE1A6000BAA407 /* Build configuration list for PBXNativeTarget "PhotoCroper" */;
			buildPhases = (
				14678AA320CE1A5F00BAA407 /* Sources */,
				14678AA420CE1A5F00BAA407 /* Frameworks */,
				14678AA520CE1A5F00BAA407 /* Resources */,
			);
			buildRules = (
			);
			dependencies = (
			);
			name = PhotoCroper;
			productName = PhotoCroper;
			productReference = 14678AA720CE1A5F00BAA407 /* PhotoCroper.app */;
			productType = "com.apple.product-type.application";
		};
/* End PBXNativeTarget section */

/* Begin PBXProject section */
		14678A9F20CE1A5F00BAA407 /* Project object */ = {
			isa = PBXProject;
			attributes = {
				LastSwiftUpdateCheck = 0940;
				LastUpgradeCheck = 0940;
				ORGANIZATIONNAME = Errnull;
				TargetAttributes = {
					14678AA620CE1A5F00BAA407 = {
						CreatedOnToolsVersion = 9.4;
					};
				};
			};
			buildConfigurationList = 14678AA220CE1A5F00BAA407 /* Build configuration list for PBXProject "PhotoCroper" */;
			compatibilityVersion = "Xcode 9.3";
			developmentRegion = en;
			hasScannedForEncodings = 0;
			knownRegions = (
				en,
				Base,
			);
			mainGroup = 14678A9E20CE1A5F00BAA407;
			productRefGroup = 14678AA820CE1A5F00BAA407 /* Products */;
			projectDirPath = "";
			projectRoot = "";
			targets = (
				14678AA620CE1A5F00BAA407 /* PhotoCroper */,
			);
		};
/* End PBXProject section */

/* Begin PBXResourcesBuildPhase section */
		14678AA520CE1A5F00BAA407 /* Resources */ = {
			isa = PBXResourcesBuildPhase;
			buildActionMask = 2147483647;
			files = (
				14678AC120CE1B3400BAA407 /* Main.storyboard in Resources */,
				14678AB520CE1A6000BAA407 /* LaunchScreen.storyboard in Resources */,
				14678AB220CE1A6000BAA407 /* Assets.xcassets in Resources */,
			);
			runOnlyForDeploymentPostprocessing = 0;
		};
/* End PBXResourcesBuildPhase section */

/* Begin PBXSourcesBuildPhase section */
		14678AA320CE1A5F00BAA407 /* Sources */ = {
			isa = PBXSourcesBuildPhase;
			buildActionMask = 2147483647;
			files = (
				14678C6E20CE269D00BAA407 /* PhotoCroperView+IGRCropView.swift in Sources */,
				14678C7620CE269D00BAA407 /* PhotoCroperView+Touch.swift in Sources */,
				14678AAD20CE1A5F00BAA407 /* ViewController.swift in Sources */,
				14678C8120CE26ED00BAA407 /* PhotoCrop+AspectRatio.swift in Sources */,
				14678C6420CE268600BAA407 /* PhotoCroperConstants.swift in Sources */,
				14678C8220CE26ED00BAA407 /* PhotoCrop+Lines.swift in Sources */,
				14678C9620CE279B00BAA407 /* CGPoint+PhotoCropExtension.swift in Sources */,
				14678C8A20CE274500BAA407 /* PhotoCropCornerLine.swift in Sources */,
				14678C7A20CE26AC00BAA407 /* PhotoCropScrollView.swift in Sources */,
				14678C8320CE26ED00BAA407 /* PhotoCrop+NSLayoutConstraint.swift in Sources */,
				14678C7920CE26AC00BAA407 /* PhotoCropContentView.swift in Sources */,
				14678C8C20CE274500BAA407 /* PhotoCropLine.swift in Sources */,
				14678C8020CE26ED00BAA407 /* PhotoCrop.swift in Sources */,
				14678C8B20CE274500BAA407 /* PhotoCropCornerView.swift in Sources */,
				14678C8420CE26ED00BAA407 /* PhotoCrop+UITouch.swift in Sources */,
				14678C6220CE267600BAA407 /* PhotoCroperViewController+Customization.swift in Sources */,
				14678C7320CE269D00BAA407 /* PhotoCroperView+AspectRatio.swift in Sources */,
				14678C7120CE269D00BAA407 /* PhotoCropView.swift in Sources */,
				14678C6F20CE269D00BAA407 /* PhotoCropView+UIScrollView.swift in Sources */,
				14678AAB20CE1A5F00BAA407 /* AppDelegate.swift in Sources */,
				14678C7520CE269D00BAA407 /* PhotoCroperView+NSLayoutConstraint.swift in Sources */,
				14678C8920CE274500BAA407 /* PhotoCropGridLine.swift in Sources */,
				14678C7420CE269D00BAA407 /* PhotoCroperView+Customization.swift in Sources */,
				14678C9720CE279B00BAA407 /* CGFloat+PhotoCropExtension.swift in Sources */,
				14678C6120CE267600BAA407 /* PhotoCroperViewController+AspectRatio.swift in Sources */,
				14678C9520CE279B00BAA407 /* CGImage+PhotoCropExtension.swift in Sources */,
				14678C8E20CE276800BAA407 /* PhotoCropMaskView.swift in Sources */,
				14678C9820CE279B00BAA407 /* UIImage+PhotoCropExtension.swift in Sources */,
				14678ABD20CE1AE600BAA407 /* PhotoCropEditorViewController.swift in Sources */,
				14678C7220CE269D00BAA407 /* PhotoCroperView+Angle.swift in Sources */,
				14678C7020CE269D00BAA407 /* PhotoCroperView+Mask.swift in Sources */,
				14678C9420CE279B00BAA407 /* UIColor+PhotoCropExtension.swift in Sources */,
				14678C5F20CE267600BAA407 /* PhotoCropViewController.swift in Sources */,
				14678C6020CE267600BAA407 /* PhotoCroperViewController+Angle.swift in Sources */,
				14678C9A20CE27BC00BAA407 /* PhotoCroperRadianAngle.swift in Sources */,
				14678C5E20CE267600BAA407 /* PhotoCroperViewController+PHPhotoLibrary.swift in Sources */,
			);
			runOnlyForDeploymentPostprocessing = 0;
		};
/* End PBXSourcesBuildPhase section */

/* Begin PBXVariantGroup section */
		14678AB320CE1A6000BAA407 /* LaunchScreen.storyboard */ = {
			isa = PBXVariantGroup;
			children = (
				14678AB420CE1A6000BAA407 /* Base */,
			);
			name = LaunchScreen.storyboard;
			sourceTree = "<group>";
		};
/* End PBXVariantGroup section */

/* Begin XCBuildConfiguration section */
		14678AB720CE1A6000BAA407 /* Debug */ = {
			isa = XCBuildConfiguration;
			buildSettings = {
				ALWAYS_SEARCH_USER_PATHS = NO;
				CLANG_ANALYZER_NONNULL = YES;
				CLANG_ANALYZER_NUMBER_OBJECT_CONVERSION = YES_AGGRESSIVE;
				CLANG_CXX_LANGUAGE_STANDARD = "gnu++14";
				CLANG_CXX_LIBRARY = "libc++";
				CLANG_ENABLE_MODULES = YES;
				CLANG_ENABLE_OBJC_ARC = YES;
				CLANG_ENABLE_OBJC_WEAK = YES;
				CLANG_WARN_BLOCK_CAPTURE_AUTORELEASING = YES;
				CLANG_WARN_BOOL_CONVERSION = YES;
				CLANG_WARN_COMMA = YES;
				CLANG_WARN_CONSTANT_CONVERSION = YES;
				CLANG_WARN_DEPRECATED_OBJC_IMPLEMENTATIONS = YES;
				CLANG_WARN_DIRECT_OBJC_ISA_USAGE = YES_ERROR;
				CLANG_WARN_DOCUMENTATION_COMMENTS = YES;
				CLANG_WARN_EMPTY_BODY = YES;
				CLANG_WARN_ENUM_CONVERSION = YES;
				CLANG_WARN_INFINITE_RECURSION = YES;
				CLANG_WARN_INT_CONVERSION = YES;
				CLANG_WARN_NON_LITERAL_NULL_CONVERSION = YES;
				CLANG_WARN_OBJC_IMPLICIT_RETAIN_SELF = YES;
				CLANG_WARN_OBJC_LITERAL_CONVERSION = YES;
				CLANG_WARN_OBJC_ROOT_CLASS = YES_ERROR;
				CLANG_WARN_RANGE_LOOP_ANALYSIS = YES;
				CLANG_WARN_STRICT_PROTOTYPES = YES;
				CLANG_WARN_SUSPICIOUS_MOVE = YES;
				CLANG_WARN_UNGUARDED_AVAILABILITY = YES_AGGRESSIVE;
				CLANG_WARN_UNREACHABLE_CODE = YES;
				CLANG_WARN__DUPLICATE_METHOD_MATCH = YES;
				CODE_SIGN_IDENTITY = "iPhone Developer";
				COPY_PHASE_STRIP = NO;
				DEBUG_INFORMATION_FORMAT = dwarf;
				ENABLE_STRICT_OBJC_MSGSEND = YES;
				ENABLE_TESTABILITY = YES;
				GCC_C_LANGUAGE_STANDARD = gnu11;
				GCC_DYNAMIC_NO_PIC = NO;
				GCC_NO_COMMON_BLOCKS = YES;
				GCC_OPTIMIZATION_LEVEL = 0;
				GCC_PREPROCESSOR_DEFINITIONS = (
					"DEBUG=1",
					"$(inherited)",
				);
				GCC_WARN_64_TO_32_BIT_CONVERSION = YES;
				GCC_WARN_ABOUT_RETURN_TYPE = YES_ERROR;
				GCC_WARN_UNDECLARED_SELECTOR = YES;
				GCC_WARN_UNINITIALIZED_AUTOS = YES_AGGRESSIVE;
				GCC_WARN_UNUSED_FUNCTION = YES;
				GCC_WARN_UNUSED_VARIABLE = YES;
				IPHONEOS_DEPLOYMENT_TARGET = 11.4;
				MTL_ENABLE_DEBUG_INFO = YES;
				ONLY_ACTIVE_ARCH = YES;
				SDKROOT = iphoneos;
				SWIFT_ACTIVE_COMPILATION_CONDITIONS = DEBUG;
				SWIFT_OPTIMIZATION_LEVEL = "-Onone";
			};
			name = Debug;
		};
		14678AB820CE1A6000BAA407 /* Release */ = {
			isa = XCBuildConfiguration;
			buildSettings = {
				ALWAYS_SEARCH_USER_PATHS = NO;
				CLANG_ANALYZER_NONNULL = YES;
				CLANG_ANALYZER_NUMBER_OBJECT_CONVERSION = YES_AGGRESSIVE;
				CLANG_CXX_LANGUAGE_STANDARD = "gnu++14";
				CLANG_CXX_LIBRARY = "libc++";
				CLANG_ENABLE_MODULES = YES;
				CLANG_ENABLE_OBJC_ARC = YES;
				CLANG_ENABLE_OBJC_WEAK = YES;
				CLANG_WARN_BLOCK_CAPTURE_AUTORELEASING = YES;
				CLANG_WARN_BOOL_CONVERSION = YES;
				CLANG_WARN_COMMA = YES;
				CLANG_WARN_CONSTANT_CONVERSION = YES;
				CLANG_WARN_DEPRECATED_OBJC_IMPLEMENTATIONS = YES;
				CLANG_WARN_DIRECT_OBJC_ISA_USAGE = YES_ERROR;
				CLANG_WARN_DOCUMENTATION_COMMENTS = YES;
				CLANG_WARN_EMPTY_BODY = YES;
				CLANG_WARN_ENUM_CONVERSION = YES;
				CLANG_WARN_INFINITE_RECURSION = YES;
				CLANG_WARN_INT_CONVERSION = YES;
				CLANG_WARN_NON_LITERAL_NULL_CONVERSION = YES;
				CLANG_WARN_OBJC_IMPLICIT_RETAIN_SELF = YES;
				CLANG_WARN_OBJC_LITERAL_CONVERSION = YES;
				CLANG_WARN_OBJC_ROOT_CLASS = YES_ERROR;
				CLANG_WARN_RANGE_LOOP_ANALYSIS = YES;
				CLANG_WARN_STRICT_PROTOTYPES = YES;
				CLANG_WARN_SUSPICIOUS_MOVE = YES;
				CLANG_WARN_UNGUARDED_AVAILABILITY = YES_AGGRESSIVE;
				CLANG_WARN_UNREACHABLE_CODE = YES;
				CLANG_WARN__DUPLICATE_METHOD_MATCH = YES;
				CODE_SIGN_IDENTITY = "iPhone Developer";
				COPY_PHASE_STRIP = NO;
				DEBUG_INFORMATION_FORMAT = "dwarf-with-dsym";
				ENABLE_NS_ASSERTIONS = NO;
				ENABLE_STRICT_OBJC_MSGSEND = YES;
				GCC_C_LANGUAGE_STANDARD = gnu11;
				GCC_NO_COMMON_BLOCKS = YES;
				GCC_WARN_64_TO_32_BIT_CONVERSION = YES;
				GCC_WARN_ABOUT_RETURN_TYPE = YES_ERROR;
				GCC_WARN_UNDECLARED_SELECTOR = YES;
				GCC_WARN_UNINITIALIZED_AUTOS = YES_AGGRESSIVE;
				GCC_WARN_UNUSED_FUNCTION = YES;
				GCC_WARN_UNUSED_VARIABLE = YES;
				IPHONEOS_DEPLOYMENT_TARGET = 11.4;
				MTL_ENABLE_DEBUG_INFO = NO;
				SDKROOT = iphoneos;
				SWIFT_COMPILATION_MODE = wholemodule;
				SWIFT_OPTIMIZATION_LEVEL = "-O";
				VALIDATE_PRODUCT = YES;
			};
			name = Release;
		};
		14678ABA20CE1A6000BAA407 /* Debug */ = {
			isa = XCBuildConfiguration;
			buildSettings = {
				ASSETCATALOG_COMPILER_APPICON_NAME = AppIcon;
				CODE_SIGN_STYLE = Automatic;
				DEVELOPMENT_TEAM = 7GPHW87L24;
				INFOPLIST_FILE = PhotoCroper/Info.plist;
				IPHONEOS_DEPLOYMENT_TARGET = 9.0;
				LD_RUNPATH_SEARCH_PATHS = (
					"$(inherited)",
					"@executable_path/Frameworks",
				);
				PRODUCT_BUNDLE_IDENTIFIER = top.errnull.PhotoCroper;
				PRODUCT_NAME = "$(TARGET_NAME)";
				SWIFT_VERSION = 4.0;
				TARGETED_DEVICE_FAMILY = "1,2";
			};
			name = Debug;
		};
		14678ABB20CE1A6000BAA407 /* Release */ = {
			isa = XCBuildConfiguration;
			buildSettings = {
				ASSETCATALOG_COMPILER_APPICON_NAME = AppIcon;
				CODE_SIGN_STYLE = Automatic;
				DEVELOPMENT_TEAM = 7GPHW87L24;
				INFOPLIST_FILE = PhotoCroper/Info.plist;
				IPHONEOS_DEPLOYMENT_TARGET = 9.0;
				LD_RUNPATH_SEARCH_PATHS = (
					"$(inherited)",
					"@executable_path/Frameworks",
				);
				PRODUCT_BUNDLE_IDENTIFIER = top.errnull.PhotoCroper;
				PRODUCT_NAME = "$(TARGET_NAME)";
				SWIFT_VERSION = 4.0;
				TARGETED_DEVICE_FAMILY = "1,2";
			};
			name = Release;
		};
/* End XCBuildConfiguration section */

/* Begin XCConfigurationList section */
		14678AA220CE1A5F00BAA407 /* Build configuration list for PBXProject "PhotoCroper" */ = {
			isa = XCConfigurationList;
			buildConfigurations = (
				14678AB720CE1A6000BAA407 /* Debug */,
				14678AB820CE1A6000BAA407 /* Release */,
			);
			defaultConfigurationIsVisible = 0;
			defaultConfigurationName = Release;
		};
		14678AB920CE1A6000BAA407 /* Build configuration list for PBXNativeTarget "PhotoCroper" */ = {
			isa = XCConfigurationList;
			buildConfigurations = (
				14678ABA20CE1A6000BAA407 /* Debug */,
				14678ABB20CE1A6000BAA407 /* Release */,
			);
			defaultConfigurationIsVisible = 0;
			defaultConfigurationName = Release;
		};
/* End XCConfigurationList section */
	};
	rootObject = 14678A9F20CE1A5F00BAA407 /* Project object */;
}
