// !$*UTF8*$!
{
	archiveVersion = 1;
	classes = {
	};
	objectVersion = 50;
	objects = {

/* Begin PBXBuildFile section */
		14678AAB20CE1A5F00BAA407 /* AppDelegate.swift in Sources */ = {isa = PBXBuildFile; fileRef = 14678AAA20CE1A5F00BAA407 /* AppDelegate.swift */; };
		14678AAD20CE1A5F00BAA407 /* ViewController.swift in Sources */ = {isa = PBXBuildFile; fileRef = 14678AAC20CE1A5F00BAA407 /* ViewController.swift */; };
		14678AB220CE1A6000BAA407 /* Assets.xcassets in Resources */ = {isa = PBXBuildFile; fileRef = 14678AB120CE1A6000BAA407 /* Assets.xcassets */; };
		14678AB520CE1A6000BAA407 /* LaunchScreen.storyboard in Resources */ = {isa = PBXBuildFile; fileRef = 14678AB320CE1A6000BAA407 /* LaunchScreen.storyboard */; };
		14678ABD20CE1AE600BAA407 /* PhotoCropEditorViewController.swift in Sources */ = {isa = PBXBuildFile; fileRef = 14678ABC20CE1AE600BAA407 /* PhotoCropEditorViewController.swift */; };
		14678AC120CE1B3400BAA407 /* Main.storyboard in Resources */ = {isa = PBXBuildFile; fileRef = 14678AC020CE1B3400BAA407 /* Main.storyboard */; };
/* End PBXBuildFile section */

/* Begin PBXFileReference section */
		14678AA720CE1A5F00BAA407 /* PhotoCroper.app */ = {isa = PBXFileReference; explicitFileType = wrapper.application; includeInIndex = 0; path = PhotoCroper.app; sourceTree = BUILT_PRODUCTS_DIR; };
		14678AAA20CE1A5F00BAA407 /* AppDelegate.swift */ = {isa = PBXFileReference; lastKnownFileType = sourcecode.swift; path = AppDelegate.swift; sourceTree = "<group>"; };
		14678AAC20CE1A5F00BAA407 /* ViewController.swift */ = {isa = PBXFileReference; lastKnownFileType = sourcecode.swift; path = ViewController.swift; sourceTree = "<group>"; };
		14678AB120CE1A6000BAA407 /* Assets.xcassets */ = {isa = PBXFileReference; lastKnownFileType = folder.assetcatalog; path = Assets.xcassets; sourceTree = "<group>"; };
		14678AB420CE1A6000BAA407 /* Base */ = {isa = PBXFileReference; lastKnownFileType = file.storyboard; name = Base; path = Base.lproj/LaunchScreen.storyboard; sourceTree = "<group>"; };
		14678AB620CE1A6000BAA407 /* Info.plist */ = {isa = PBXFileReference; lastKnownFileType = text.plist.xml; path = Info.plist; sourceTree = "<group>"; };
		14678ABC20CE1AE600BAA407 /* PhotoCropEditorViewController.swift */ = {isa = PBXFileReference; fileEncoding = 4; lastKnownFileType = sourcecode.swift; path = PhotoCropEditorViewController.swift; sourceTree = "<group>"; };
		14678AC020CE1B3400BAA407 /* Main.storyboard */ = {isa = PBXFileReference; fileEncoding = 4; lastKnownFileType = file.storyboard; path = Main.storyboard; sourceTree = "<group>"; };
/* End PBXFileReference section */

/* Begin PBXFrameworksBuildPhase section */
		14678AA420CE1A5F00BAA407 /* Frameworks */ = {
			isa = PBXFrameworksBuildPhase;
			buildActionMask = 2147483647;
			files = (
			);
			runOnlyForDeploymentPostprocessing = 0;
		};
/* End PBXFrameworksBuildPhase section */

/* Begin PBXGroup section */
		14678A9E20CE1A5F00BAA407 = {
			isa = PBXGroup;
			children = (
				14678AA920CE1A5F00BAA407 /* PhotoCroper */,
				14678AA820CE1A5F00BAA407 /* Products */,
			);
			sourceTree = "<group>";
		};
		14678AA820CE1A5F00BAA407 /* Products */ = {
			isa = PBXGroup;
			children = (
				14678AA720CE1A5F00BAA407 /* PhotoCroper.app */,
			);
			name = Products;
			sourceTree = "<group>";
		};
		14678AA920CE1A5F00BAA407 /* PhotoCroper */ = {
			isa = PBXGroup;
			children = (
				14678AC220CE1C7E00BAA407 /* PhotoCroper */,
				14678AAA20CE1A5F00BAA407 /* AppDelegate.swift */,
				14678ABC20CE1AE600BAA407 /* PhotoCropEditorViewController.swift */,
				14678AAC20CE1A5F00BAA407 /* ViewController.swift */,
				14678AB120CE1A6000BAA407 /* Assets.xcassets */,
				14678AC020CE1B3400BAA407 /* Main.storyboard */,
				14678AB320CE1A6000BAA407 /* LaunchScreen.storyboard */,
				14678AB620CE1A6000BAA407 /* Info.plist */,
			);
			path = PhotoCroper;
			sourceTree = "<group>";
		};
		14678AC220CE1C7E00BAA407 /* PhotoCroper */ = {
			isa = PBXGroup;
			children = (
			);
			path = PhotoCroper;
			sourceTree = "<group>";
		};
/* End PBXGroup section */

/* Begin PBXNativeTarget section */
		14678AA620CE1A5F00BAA407 /* PhotoCroper */ = {
			isa = PBXNativeTarget;
			buildConfigurationList = 14678AB920CE1A6000BAA407 /* Build configuration list for PBXNativeTarget "PhotoCroper" */;
			buildPhases = (
				14678AA320CE1A5F00BAA407 /* Sources */,
				14678AA420CE1A5F00BAA407 /* Frameworks */,
				14678AA520CE1A5F00BAA407 /* Resources */,
			);
			buildRules = (
			);
			dependencies = (
			);
			name = PhotoCroper;
			productName = PhotoCroper;
			productReference = 14678AA720CE1A5F00BAA407 /* PhotoCroper.app */;
			productType = "com.apple.product-type.application";
		};
/* End PBXNativeTarget section */

/* Begin PBXProject section */
		14678A9F20CE1A5F00BAA407 /* Project object */ = {
			isa = PBXProject;
			attributes = {
				LastSwiftUpdateCheck = 0940;
				LastUpgradeCheck = 0940;
				ORGANIZATIONNAME = Errnull;
				TargetAttributes = {
					14678AA620CE1A5F00BAA407 = {
						CreatedOnToolsVersion = 9.4;
					};
				};
			};
			buildConfigurationList = 14678AA220CE1A5F00BAA407 /* Build configuration list for PBXProject "PhotoCroper" */;
			compatibilityVersion = "Xcode 9.3";
			developmentRegion = en;
			hasScannedForEncodings = 0;
			knownRegions = (
				en,
				Base,
			);
			mainGroup = 14678A9E20CE1A5F00BAA407;
			productRefGroup = 14678AA820CE1A5F00BAA407 /* Products */;
			projectDirPath = "";
			projectRoot = "";
			targets = (
				14678AA620CE1A5F00BAA407 /* PhotoCroper */,
			);
		};
/* End PBXProject section */

/* Begin PBXResourcesBuildPhase section */
		14678AA520CE1A5F00BAA407 /* Resources */ = {
			isa = PBXResourcesBuildPhase;
			buildActionMask = 2147483647;
			files = (
				14678AC120CE1B3400BAA407 /* Main.storyboard in Resources */,
				14678AB520CE1A6000BAA407 /* LaunchScreen.storyboard in Resources */,
				14678AB220CE1A6000BAA407 /* Assets.xcassets in Resources */,
			);
			runOnlyForDeploymentPostprocessing = 0;
		};
/* End PBXResourcesBuildPhase section */

/* Begin PBXSourcesBuildPhase section */
		14678AA320CE1A5F00BAA407 /* Sources */ = {
			isa = PBXSourcesBuildPhase;
			buildActionMask = 2147483647;
			files = (
				14678AAD20CE1A5F00BAA407 /* ViewController.swift in Sources */,
				14678AAB20CE1A5F00BAA407 /* AppDelegate.swift in Sources */,
				14678ABD20CE1AE600BAA407 /* PhotoCropEditorViewController.swift in Sources */,
			);
			runOnlyForDeploymentPostprocessing = 0;
		};
/* End PBXSourcesBuildPhase section */

/* Begin PBXVariantGroup section */
		14678AB320CE1A6000BAA407 /* LaunchScreen.storyboard */ = {
			isa = PBXVariantGroup;
			children = (
				14678AB420CE1A6000BAA407 /* Base */,
			);
			name = LaunchScreen.storyboard;
			sourceTree = "<group>";
		};
/* End PBXVariantGroup section */

/* Begin XCBuildConfiguration section */
		14678AB720CE1A6000BAA407 /* Debug */ = {
			isa = XCBuildConfiguration;
			buildSettings = {
				ALWAYS_SEARCH_USER_PATHS = NO;
				CLANG_ANALYZER_NONNULL = YES;
				CLANG_ANALYZER_NUMBER_OBJECT_CONVERSION = YES_AGGRESSIVE;
				CLANG_CXX_LANGUAGE_STANDARD = "gnu++14";
				CLANG_CXX_LIBRARY = "libc++";
				CLANG_ENABLE_MODULES = YES;
				CLANG_ENABLE_OBJC_ARC = YES;
				CLANG_ENABLE_OBJC_WEAK = YES;
				CLANG_WARN_BLOCK_CAPTURE_AUTORELEASING = YES;
				CLANG_WARN_BOOL_CONVERSION = YES;
				CLANG_WARN_COMMA = YES;
				CLANG_WARN_CONSTANT_CONVERSION = YES;
				CLANG_WARN_DEPRECATED_OBJC_IMPLEMENTATIONS = YES;
				CLANG_WARN_DIRECT_OBJC_ISA_USAGE = YES_ERROR;
				CLANG_WARN_DOCUMENTATION_COMMENTS = YES;
				CLANG_WARN_EMPTY_BODY = YES;
				CLANG_WARN_ENUM_CONVERSION = YES;
				CLANG_WARN_INFINITE_RECURSION = YES;
				CLANG_WARN_INT_CONVERSION = YES;
				CLANG_WARN_NON_LITERAL_NULL_CONVERSION = YES;
				CLANG_WARN_OBJC_IMPLICIT_RETAIN_SELF = YES;
				CLANG_WARN_OBJC_LITERAL_CONVERSION = YES;
				CLANG_WARN_OBJC_ROOT_CLASS = YES_ERROR;
				CLANG_WARN_RANGE_LOOP_ANALYSIS = YES;
				CLANG_WARN_STRICT_PROTOTYPES = YES;
				CLANG_WARN_SUSPICIOUS_MOVE = YES;
				CLANG_WARN_UNGUARDED_AVAILABILITY = YES_AGGRESSIVE;
				CLANG_WARN_UNREACHABLE_CODE = YES;
				CLANG_WARN__DUPLICATE_METHOD_MATCH = YES;
				CODE_SIGN_IDENTITY = "iPhone Developer";
				COPY_PHASE_STRIP = NO;
				DEBUG_INFORMATION_FORMAT = dwarf;
				ENABLE_STRICT_OBJC_MSGSEND = YES;
				ENABLE_TESTABILITY = YES;
				GCC_C_LANGUAGE_STANDARD = gnu11;
				GCC_DYNAMIC_NO_PIC = NO;
				GCC_NO_COMMON_BLOCKS = YES;
				GCC_OPTIMIZATION_LEVEL = 0;
				GCC_PREPROCESSOR_DEFINITIONS = (
					"DEBUG=1",
					"$(inherited)",
				);
				GCC_WARN_64_TO_32_BIT_CONVERSION = YES;
				GCC_WARN_ABOUT_RETURN_TYPE = YES_ERROR;
				GCC_WARN_UNDECLARED_SELECTOR = YES;
				GCC_WARN_UNINITIALIZED_AUTOS = YES_AGGRESSIVE;
				GCC_WARN_UNUSED_FUNCTION = YES;
				GCC_WARN_UNUSED_VARIABLE = YES;
				IPHONEOS_DEPLOYMENT_TARGET = 11.4;
				MTL_ENABLE_DEBUG_INFO = YES;
				ONLY_ACTIVE_ARCH = YES;
				SDKROOT = iphoneos;
				SWIFT_ACTIVE_COMPILATION_CONDITIONS = DEBUG;
				SWIFT_OPTIMIZATION_LEVEL = "-Onone";
			};
			name = Debug;
		};
		14678AB820CE1A6000BAA407 /* Release */ = {
			isa = XCBuildConfiguration;
			buildSettings = {
				ALWAYS_SEARCH_USER_PATHS = NO;
				CLANG_ANALYZER_NONNULL = YES;
				CLANG_ANALYZER_NUMBER_OBJECT_CONVERSION = YES_AGGRESSIVE;
				CLANG_CXX_LANGUAGE_STANDARD = "gnu++14";
				CLANG_CXX_LIBRARY = "libc++";
				CLANG_ENABLE_MODULES = YES;
				CLANG_ENABLE_OBJC_ARC = YES;
				CLANG_ENABLE_OBJC_WEAK = YES;
				CLANG_WARN_BLOCK_CAPTURE_AUTORELEASING = YES;
				CLANG_WARN_BOOL_CONVERSION = YES;
				CLANG_WARN_COMMA = YES;
				CLANG_WARN_CONSTANT_CONVERSION = YES;
				CLANG_WARN_DEPRECATED_OBJC_IMPLEMENTATIONS = YES;
				CLANG_WARN_DIRECT_OBJC_ISA_USAGE = YES_ERROR;
				CLANG_WARN_DOCUMENTATION_COMMENTS = YES;
				CLANG_WARN_EMPTY_BODY = YES;
				CLANG_WARN_ENUM_CONVERSION = YES;
				CLANG_WARN_INFINITE_RECURSION = YES;
				CLANG_WARN_INT_CONVERSION = YES;
				CLANG_WARN_NON_LITERAL_NULL_CONVERSION = YES;
				CLANG_WARN_OBJC_IMPLICIT_RETAIN_SELF = YES;
				CLANG_WARN_OBJC_LITERAL_CONVERSION = YES;
				CLANG_WARN_OBJC_ROOT_CLASS = YES_ERROR;
				CLANG_WARN_RANGE_LOOP_ANALYSIS = YES;
				CLANG_WARN_STRICT_PROTOTYPES = YES;
				CLANG_WARN_SUSPICIOUS_MOVE = YES;
				CLANG_WARN_UNGUARDED_AVAILABILITY = YES_AGGRESSIVE;
				CLANG_WARN_UNREACHABLE_CODE = YES;
				CLANG_WARN__DUPLICATE_METHOD_MATCH = YES;
				CODE_SIGN_IDENTITY = "iPhone Developer";
				COPY_PHASE_STRIP = NO;
				DEBUG_INFORMATION_FORMAT = "dwarf-with-dsym";
				ENABLE_NS_ASSERTIONS = NO;
				ENABLE_STRICT_OBJC_MSGSEND = YES;
				GCC_C_LANGUAGE_STANDARD = gnu11;
				GCC_NO_COMMON_BLOCKS = YES;
				GCC_WARN_64_TO_32_BIT_CONVERSION = YES;
				GCC_WARN_ABOUT_RETURN_TYPE = YES_ERROR;
				GCC_WARN_UNDECLARED_SELECTOR = YES;
				GCC_WARN_UNINITIALIZED_AUTOS = YES_AGGRESSIVE;
				GCC_WARN_UNUSED_FUNCTION = YES;
				GCC_WARN_UNUSED_VARIABLE = YES;
				IPHONEOS_DEPLOYMENT_TARGET = 11.4;
				MTL_ENABLE_DEBUG_INFO = NO;
				SDKROOT = iphoneos;
				SWIFT_COMPILATION_MODE = wholemodule;
				SWIFT_OPTIMIZATION_LEVEL = "-O";
				VALIDATE_PRODUCT = YES;
			};
			name = Release;
		};
		14678ABA20CE1A6000BAA407 /* Debug */ = {
			isa = XCBuildConfiguration;
			buildSettings = {
				ASSETCATALOG_COMPILER_APPICON_NAME = AppIcon;
				CODE_SIGN_STYLE = Automatic;
				DEVELOPMENT_TEAM = 7GPHW87L24;
				INFOPLIST_FILE = PhotoCroper/Info.plist;
				IPHONEOS_DEPLOYMENT_TARGET = 9.0;
				LD_RUNPATH_SEARCH_PATHS = (
					"$(inherited)",
					"@executable_path/Frameworks",
				);
				PRODUCT_BUNDLE_IDENTIFIER = top.errnull.PhotoCroper;
				PRODUCT_NAME = "$(TARGET_NAME)";
				SWIFT_VERSION = 4.0;
				TARGETED_DEVICE_FAMILY = "1,2";
			};
			name = Debug;
		};
		14678ABB20CE1A6000BAA407 /* Release */ = {
			isa = XCBuildConfiguration;
			buildSettings = {
				ASSETCATALOG_COMPILER_APPICON_NAME = AppIcon;
				CODE_SIGN_STYLE = Automatic;
				DEVELOPMENT_TEAM = 7GPHW87L24;
				INFOPLIST_FILE = PhotoCroper/Info.plist;
				IPHONEOS_DEPLOYMENT_TARGET = 9.0;
				LD_RUNPATH_SEARCH_PATHS = (
					"$(inherited)",
					"@executable_path/Frameworks",
				);
				PRODUCT_BUNDLE_IDENTIFIER = top.errnull.PhotoCroper;
				PRODUCT_NAME = "$(TARGET_NAME)";
				SWIFT_VERSION = 4.0;
				TARGETED_DEVICE_FAMILY = "1,2";
			};
			name = Release;
		};
/* End XCBuildConfiguration section */

/* Begin XCConfigurationList section */
		14678AA220CE1A5F00BAA407 /* Build configuration list for PBXProject "PhotoCroper" */ = {
			isa = XCConfigurationList;
			buildConfigurations = (
				14678AB720CE1A6000BAA407 /* Debug */,
				14678AB820CE1A6000BAA407 /* Release */,
			);
			defaultConfigurationIsVisible = 0;
			defaultConfigurationName = Release;
		};
		14678AB920CE1A6000BAA407 /* Build configuration list for PBXNativeTarget "PhotoCroper" */ = {
			isa = XCConfigurationList;
			buildConfigurations = (
				14678ABA20CE1A6000BAA407 /* Debug */,
				14678ABB20CE1A6000BAA407 /* Release */,
			);
			defaultConfigurationIsVisible = 0;
			defaultConfigurationName = Release;
		};
/* End XCConfigurationList section */
	};
	rootObject = 14678A9F20CE1A5F00BAA407 /* Project object */;
}
